
Microsoft Visual Studio Solution File, Format Version 12.00
# Visual Studio Version 17
VisualStudioVersion = 17.14.36518.9 d17.14
MinimumVisualStudioVersion = 10.0.40219.1
Project("{FAE04EC0-301F-11D3-BF4B-00C04F79EFBC}") = "MVC_Kutuphane_Otomasyonu", "MVC_Kutuphane_Otomasyonu\MVC_Kutuphane_Otomasyonu.csproj", "{998ACE9C-F419-4EF5-8840-F99F6EBB0E03}"
EndProject
Project("{FAE04EC0-301F-11D3-BF4B-00C04F79EFBC}") = "MVC_Kutuphane_Otomasyonu_Entities", "MVC_Kutuphane_Otomasyonu_Entities\MVC_Kutuphane_Otomasyonu_Entities.csproj", "{592ECD44-A945-45D9-96C1-4D029CDE27F5}"
EndProject
Global
	GlobalSection(SolutionConfigurationPlatforms) = preSolution
		Debug|Any CPU = Debug|Any CPU
		Release|Any CPU = Release|Any CPU
	EndGlobalSection
	GlobalSection(ProjectConfigurationPlatforms) = postSolution
		{998ACE9C-F419-4EF5-8840-F99F6EBB0E03}.Debug|Any CPU.ActiveCfg = Debug|Any CPU
		{998ACE9C-F419-4EF5-8840-F99F6EBB0E03}.Debug|Any CPU.Build.0 = Debug|Any CPU
		{998ACE9C-F419-4EF5-8840-F99F6EBB0E03}.Release|Any CPU.ActiveCfg = Release|Any CPU
		{998ACE9C-F419-4EF5-8840-F99F6EBB0E03}.Release|Any CPU.Build.0 = Release|Any CPU
		{592ECD44-A945-45D9-96C1-4D029CDE27F5}.Debug|Any CPU.ActiveCfg = Debug|Any CPU
		{592ECD44-A945-45D9-96C1-4D029CDE27F5}.Debug|Any CPU.Build.0 = Debug|Any CPU
		{592ECD44-A945-45D9-96C1-4D029CDE27F5}.Release|Any CPU.ActiveCfg = Release|Any CPU
		{592ECD44-A945-45D9-96C1-4D029CDE27F5}.Release|Any CPU.Build.0 = Release|Any CPU
	EndGlobalSection
	GlobalSection(SolutionProperties) = preSolution
		HideSolutionNode = FALSE
	EndGlobalSection
	GlobalSection(ExtensibilityGlobals) = postSolution
		SolutionGuid = {B39BA59F-C18B-4A53-AA3E-E892AB9F64E0}
	EndGlobalSection
EndGlobal
